
Microsoft Visual Studio Solution File, Format Version 12.00
# Visual Studio Version 17
VisualStudioVersion = 17.13.35818.85 d17.13
MinimumVisualStudioVersion = 10.0.40219.1
Project("{FAE04EC0-301F-11D3-BF4B-00C04F79EFBC}") = "HotelApp", "HotelApp.csproj", "{B1EC565C-B437-408D-9900-604819006CF4}"
EndProject
Global
	GlobalSection(SolutionConfigurationPlatforms) = preSolution
		Debug|Any CPU = Debug|Any CPU
		Release|Any CPU = Release|Any CPU
	EndGlobalSection
	GlobalSection(ProjectConfigurationPlatforms) = postSolution
		{B1EC565C-B437-408D-9900-604819006CF4}.Debug|Any CPU.ActiveCfg = Debug|Any CPU
		{B1EC565C-B437-408D-9900-604819006CF4}.Debug|Any CPU.Build.0 = Debug|Any CPU
		{B1EC565C-B437-408D-9900-604819006CF4}.Release|Any CPU.ActiveCfg = Release|Any CPU
		{B1EC565C-B437-408D-9900-604819006CF4}.Release|Any CPU.Build.0 = Release|Any CPU
	EndGlobalSection
	GlobalSection(SolutionProperties) = preSolution
		HideSolutionNode = FALSE
	EndGlobalSection
	GlobalSection(ExtensibilityGlobals) = postSolution
		SolutionGuid = {699283E4-BBB4-4ADF-B012-D3D18511D703}
	EndGlobalSection
EndGlobal
